
Microsoft Visual Studio Solution File, Format Version 12.00
# Visual Studio Version 17
VisualStudioVersion = 17.3.32811.315
MinimumVisualStudioVersion = 10.0.40219.1
Project("{FAE04EC0-301F-11D3-BF4B-00C04F79EFBC}") = "6-class-with-enum", "6-class-with-enum\6-class-with-enum.csproj", "{2E1B889D-5F51-4249-924A-327058CA79F7}"
EndProject
Global
	GlobalSection(SolutionConfigurationPlatforms) = preSolution
		Debug|Any CPU = Debug|Any CPU
		Release|Any CPU = Release|Any CPU
	EndGlobalSection
	GlobalSection(ProjectConfigurationPlatforms) = postSolution
		{2E1B889D-5F51-4249-924A-327058CA79F7}.Debug|Any CPU.ActiveCfg = Debug|Any CPU
		{2E1B889D-5F51-4249-924A-327058CA79F7}.Debug|Any CPU.Build.0 = Debug|Any CPU
		{2E1B889D-5F51-4249-924A-327058CA79F7}.Release|Any CPU.ActiveCfg = Release|Any CPU
		{2E1B889D-5F51-4249-924A-327058CA79F7}.Release|Any CPU.Build.0 = Release|Any CPU
	EndGlobalSection
	GlobalSection(SolutionProperties) = preSolution
		HideSolutionNode = FALSE
	EndGlobalSection
	GlobalSection(ExtensibilityGlobals) = postSolution
		SolutionGuid = {9C9CCC29-A296-489E-91B7-3A3085B2BE03}
	EndGlobalSection
EndGlobal
