
Microsoft Visual Studio Solution File, Format Version 12.00
# Visual Studio Version 17
VisualStudioVersion = 17.3.32811.315
MinimumVisualStudioVersion = 10.0.40219.1
Project("{FAE04EC0-301F-11D3-BF4B-00C04F79EFBC}") = "2_inheritance", "2_inheritance\2_inheritance.csproj", "{57A40766-D0AA-472E-B289-68EDDF813CB4}"
EndProject
Global
	GlobalSection(SolutionConfigurationPlatforms) = preSolution
		Debug|Any CPU = Debug|Any CPU
		Release|Any CPU = Release|Any CPU
	EndGlobalSection
	GlobalSection(ProjectConfigurationPlatforms) = postSolution
		{57A40766-D0AA-472E-B289-68EDDF813CB4}.Debug|Any CPU.ActiveCfg = Debug|Any CPU
		{57A40766-D0AA-472E-B289-68EDDF813CB4}.Debug|Any CPU.Build.0 = Debug|Any CPU
		{57A40766-D0AA-472E-B289-68EDDF813CB4}.Release|Any CPU.ActiveCfg = Release|Any CPU
		{57A40766-D0AA-472E-B289-68EDDF813CB4}.Release|Any CPU.Build.0 = Release|Any CPU
	EndGlobalSection
	GlobalSection(SolutionProperties) = preSolution
		HideSolutionNode = FALSE
	EndGlobalSection
	GlobalSection(ExtensibilityGlobals) = postSolution
		SolutionGuid = {2852ADDE-8D09-45E8-B8DB-AB93C1B6D32E}
	EndGlobalSection
EndGlobal
