
Microsoft Visual Studio Solution File, Format Version 12.00
# Visual Studio Version 17
VisualStudioVersion = 17.3.32811.315
MinimumVisualStudioVersion = 10.0.40219.1
Project("{FAE04EC0-301F-11D3-BF4B-00C04F79EFBC}") = "10_phonebook", "10_phonebook\10_phonebook.csproj", "{F79649BB-D1C0-4BC4-8CF7-A338F5B0523A}"
EndProject
Global
	GlobalSection(SolutionConfigurationPlatforms) = preSolution
		Debug|Any CPU = Debug|Any CPU
		Release|Any CPU = Release|Any CPU
	EndGlobalSection
	GlobalSection(ProjectConfigurationPlatforms) = postSolution
		{F79649BB-D1C0-4BC4-8CF7-A338F5B0523A}.Debug|Any CPU.ActiveCfg = Debug|Any CPU
		{F79649BB-D1C0-4BC4-8CF7-A338F5B0523A}.Debug|Any CPU.Build.0 = Debug|Any CPU
		{F79649BB-D1C0-4BC4-8CF7-A338F5B0523A}.Release|Any CPU.ActiveCfg = Release|Any CPU
		{F79649BB-D1C0-4BC4-8CF7-A338F5B0523A}.Release|Any CPU.Build.0 = Release|Any CPU
	EndGlobalSection
	GlobalSection(SolutionProperties) = preSolution
		HideSolutionNode = FALSE
	EndGlobalSection
	GlobalSection(ExtensibilityGlobals) = postSolution
		SolutionGuid = {61EE0645-3E0B-4AC8-9153-6651EBA19803}
	EndGlobalSection
EndGlobal
