
Microsoft Visual Studio Solution File, Format Version 12.00
# Visual Studio Version 17
VisualStudioVersion = 17.3.32811.315
MinimumVisualStudioVersion = 10.0.40219.1
Project("{FAE04EC0-301F-11D3-BF4B-00C04F79EFBC}") = "delagate-with-file-io", "delagate-with-file-io\delagate-with-file-io.csproj", "{39213370-3B4C-4B78-AB4F-1C0A4C927365}"
EndProject
Global
	GlobalSection(SolutionConfigurationPlatforms) = preSolution
		Debug|Any CPU = Debug|Any CPU
		Release|Any CPU = Release|Any CPU
	EndGlobalSection
	GlobalSection(ProjectConfigurationPlatforms) = postSolution
		{39213370-3B4C-4B78-AB4F-1C0A4C927365}.Debug|Any CPU.ActiveCfg = Debug|Any CPU
		{39213370-3B4C-4B78-AB4F-1C0A4C927365}.Debug|Any CPU.Build.0 = Debug|Any CPU
		{39213370-3B4C-4B78-AB4F-1C0A4C927365}.Release|Any CPU.ActiveCfg = Release|Any CPU
		{39213370-3B4C-4B78-AB4F-1C0A4C927365}.Release|Any CPU.Build.0 = Release|Any CPU
	EndGlobalSection
	GlobalSection(SolutionProperties) = preSolution
		HideSolutionNode = FALSE
	EndGlobalSection
	GlobalSection(ExtensibilityGlobals) = postSolution
		SolutionGuid = {C72AAC96-65EA-4BE7-BC0D-EFF3160F08EB}
	EndGlobalSection
EndGlobal
