
Microsoft Visual Studio Solution File, Format Version 12.00
# Visual Studio Version 17
VisualStudioVersion = 17.3.32811.315
MinimumVisualStudioVersion = 10.0.40219.1
Project("{FAE04EC0-301F-11D3-BF4B-00C04F79EFBC}") = "9_jquery", "9_jquery\9_jquery.csproj", "{4383EB4A-B7ED-4C28-9FFD-7FDA46C8F3FE}"
EndProject
Global
	GlobalSection(SolutionConfigurationPlatforms) = preSolution
		Debug|Any CPU = Debug|Any CPU
		Release|Any CPU = Release|Any CPU
	EndGlobalSection
	GlobalSection(ProjectConfigurationPlatforms) = postSolution
		{4383EB4A-B7ED-4C28-9FFD-7FDA46C8F3FE}.Debug|Any CPU.ActiveCfg = Debug|Any CPU
		{4383EB4A-B7ED-4C28-9FFD-7FDA46C8F3FE}.Debug|Any CPU.Build.0 = Debug|Any CPU
		{4383EB4A-B7ED-4C28-9FFD-7FDA46C8F3FE}.Release|Any CPU.ActiveCfg = Release|Any CPU
		{4383EB4A-B7ED-4C28-9FFD-7FDA46C8F3FE}.Release|Any CPU.Build.0 = Release|Any CPU
	EndGlobalSection
	GlobalSection(SolutionProperties) = preSolution
		HideSolutionNode = FALSE
	EndGlobalSection
	GlobalSection(ExtensibilityGlobals) = postSolution
		SolutionGuid = {339DD3DD-D3E7-43A9-8C6F-E857C3DD9592}
	EndGlobalSection
EndGlobal
